{
  "name": "ep_maadix",
  "version": "2.2.0",
  "lockfileVersion": 3,
  "requires": true,
  "packages": {
    "": {
      "name": "ep_maadix",
      "version": "2.2.0",
      "license": "Apache-2.0",
      "dependencies": {
        "express-form-data": "^3.0.1",
        "express-validator": "^7.2.1",
        "multer": "^2.0.1",
        "mysql2": "3.14.1",
        "nodemailer": "7.0.5"
      },
      "devDependencies": {
        "prettier": "^3.6.2",
        "prettier-plugin-ejs": "^1.0.3"
      }
    },
    "../append-field@1.0.0": {
      "name": "append-field",
      "version": "1.0.0",
      "license": "MIT",
      "devDependencies": {
        "mocha": "^2.2.4",
        "standard": "^6.0.5",
        "testdata-w3c-json-form": "^0.2.0"
      }
    },
    "../at-least-node@1.0.0": {
      "name": "at-least-node",
      "version": "1.0.0",
      "license": "ISC",
      "devDependencies": {
        "ava": "^3.1.0",
        "rewire": "^4.0.1",
        "semver": "^7.1.2"
      },
      "engines": {
        "node": ">= 4.0.0"
      }
    },
    "../aws-ssl-profiles@1.1.2": {
      "name": "aws-ssl-profiles",
      "version": "1.1.2",
      "license": "MIT",
      "devDependencies": {
        "@biomejs/biome": "^1.8.3",
        "@types/node": "^22.5.1",
        "@types/x509.js": "^1.0.3",
        "poku": "^2.5.0",
        "prettier": "^3.3.3",
        "tsx": "^4.19.0",
        "typescript": "^5.5.4",
        "x509.js": "^1.0.0"
      },
      "engines": {
        "node": ">= 6.0.0"
      }
    },
    "../buffer-from@1.1.2": {
      "name": "buffer-from",
      "version": "1.1.2",
      "license": "MIT",
      "devDependencies": {
        "standard": "^12.0.1"
      }
    },
    "../busboy@1.6.0": {
      "name": "busboy",
      "version": "1.6.0",
      "dependencies": {
        "streamsearch": "^1.1.0"
      },
      "devDependencies": {
        "@mscdex/eslint-config": "^1.1.0",
        "eslint": "^7.32.0"
      },
      "engines": {
        "node": ">=10.16.0"
      }
    },
    "../busboy@1.6.0/node_modules/streamsearch": {
      "resolved": "../streamsearch@1.1.0",
      "link": true
    },
    "../concat-stream@2.0.0": {
      "name": "concat-stream",
      "version": "2.0.0",
      "engines": [
        "node >= 6.0"
      ],
      "license": "MIT",
      "dependencies": {
        "buffer-from": "^1.0.0",
        "inherits": "^2.0.3",
        "readable-stream": "^3.0.2",
        "typedarray": "^0.0.6"
      },
      "devDependencies": {
        "tape": "^4.6.3"
      }
    },
    "../concat-stream@2.0.0/node_modules/buffer-from": {
      "resolved": "../buffer-from@1.1.2",
      "link": true
    },
    "../concat-stream@2.0.0/node_modules/inherits": {
      "resolved": "../inherits@2.0.4",
      "link": true
    },
    "../concat-stream@2.0.0/node_modules/readable-stream": {
      "resolved": "../readable-stream@3.6.2",
      "link": true
    },
    "../concat-stream@2.0.0/node_modules/typedarray": {
      "resolved": "../typedarray@0.0.6",
      "link": true
    },
    "../content-type@1.0.5": {
      "name": "content-type",
      "version": "1.0.5",
      "license": "MIT",
      "devDependencies": {
        "deep-equal": "1.0.1",
        "eslint": "8.32.0",
        "eslint-config-standard": "15.0.1",
        "eslint-plugin-import": "2.27.5",
        "eslint-plugin-node": "11.1.0",
        "eslint-plugin-promise": "6.1.1",
        "eslint-plugin-standard": "4.1.0",
        "mocha": "10.2.0",
        "nyc": "15.1.0"
      },
      "engines": {
        "node": ">= 0.6"
      }
    },
    "../denque@2.1.0": {
      "name": "denque",
      "version": "2.1.0",
      "license": "Apache-2.0",
      "devDependencies": {
        "benchmark": "^2.1.4",
        "codecov": "^3.8.3",
        "double-ended-queue": "^2.1.0-0",
        "istanbul": "^0.4.5",
        "mocha": "^3.5.3",
        "typescript": "^3.4.1"
      },
      "engines": {
        "node": ">=0.10"
      }
    },
    "../depd@1.1.2": {
      "name": "depd",
      "version": "1.1.2",
      "license": "MIT",
      "devDependencies": {
        "beautify-benchmark": "0.2.4",
        "benchmark": "2.1.4",
        "eslint": "3.19.0",
        "eslint-config-standard": "7.1.0",
        "eslint-plugin-markdown": "1.0.0-beta.7",
        "eslint-plugin-promise": "3.6.0",
        "eslint-plugin-standard": "3.0.1",
        "istanbul": "0.4.5",
        "mocha": "~1.21.5"
      },
      "engines": {
        "node": ">= 0.6"
      }
    },
    "../depd@2.0.0": {
      "name": "depd",
      "version": "2.0.0",
      "license": "MIT",
      "devDependencies": {
        "beautify-benchmark": "0.2.4",
        "benchmark": "2.1.4",
        "eslint": "5.7.0",
        "eslint-config-standard": "12.0.0",
        "eslint-plugin-import": "2.14.0",
        "eslint-plugin-markdown": "1.0.0-beta.7",
        "eslint-plugin-node": "7.0.1",
        "eslint-plugin-promise": "4.0.1",
        "eslint-plugin-standard": "4.0.0",
        "istanbul": "0.4.5",
        "mocha": "5.2.0",
        "safe-buffer": "5.1.2",
        "uid-safe": "2.1.5"
      },
      "engines": {
        "node": ">= 0.8"
      }
    },
    "../ee-first@1.1.1": {
      "name": "ee-first",
      "version": "1.1.1",
      "license": "MIT",
      "devDependencies": {
        "istanbul": "0.3.9",
        "mocha": "2.2.5"
      }
    },
    "../express-form-data@3.0.1": {
      "name": "express-form-data",
      "version": "3.0.1",
      "license": "MIT",
      "dependencies": {
        "fs-extra": "^9.1.0",
        "http-errors": "^2.0.0",
        "multiparty": "^4.2.3",
        "on-finished": "^2.4.1",
        "signal-exit": "^3.0.7",
        "type-is": "^2.0.1"
      },
      "devDependencies": {
        "chai": "^4.3.4",
        "connect": "^3.7.0",
        "mocha": "^11.6.0",
        "supertest": "^3.4.2"
      },
      "engines": {
        "node": ">=10.7.0"
      }
    },
    "../express-form-data@3.0.1/node_modules/fs-extra": {
      "resolved": "../fs-extra@9.1.0",
      "link": true
    },
    "../express-form-data@3.0.1/node_modules/http-errors": {
      "resolved": "../http-errors@2.0.0",
      "link": true
    },
    "../express-form-data@3.0.1/node_modules/multiparty": {
      "resolved": "../multiparty@4.2.3",
      "link": true
    },
    "../express-form-data@3.0.1/node_modules/on-finished": {
      "resolved": "../on-finished@2.4.1",
      "link": true
    },
    "../express-form-data@3.0.1/node_modules/signal-exit": {
      "resolved": "../signal-exit@3.0.7",
      "link": true
    },
    "../express-form-data@3.0.1/node_modules/type-is": {
      "resolved": "../type-is@2.0.1",
      "link": true
    },
    "../express-validator@7.2.1": {
      "name": "express-validator",
      "version": "7.2.1",
      "license": "MIT",
      "dependencies": {
        "lodash": "^4.17.21",
        "validator": "~13.12.0"
      },
      "devDependencies": {
        "@docusaurus/core": "^3.1.0",
        "@docusaurus/plugin-client-redirects": "^3.1.0",
        "@docusaurus/preset-classic": "^3.1.0",
        "@types/jest": "^26.0.20",
        "@types/lodash": "^4.14.168",
        "@typescript-eslint/eslint-plugin": "^7.18.0",
        "@typescript-eslint/parser": "^7.18.0",
        "eslint": "^8.30.0",
        "eslint-config-prettier": "^8.5.0",
        "eslint-plugin-import": "^2.26.0",
        "eslint-plugin-prettier": "^4.2.1",
        "jest": "^29.7.0",
        "prettier": "^2.8.1",
        "ts-jest": "^29.1.5",
        "typescript": "^5.7.2"
      },
      "engines": {
        "node": ">= 8.0.0"
      }
    },
    "../express-validator@7.2.1/node_modules/lodash": {
      "resolved": "../lodash@4.17.21",
      "link": true
    },
    "../express-validator@7.2.1/node_modules/validator": {
      "resolved": "../validator@13.12.0",
      "link": true
    },
    "../fs-extra@9.1.0": {
      "name": "fs-extra",
      "version": "9.1.0",
      "license": "MIT",
      "dependencies": {
        "at-least-node": "^1.0.0",
        "graceful-fs": "^4.2.0",
        "jsonfile": "^6.0.1",
        "universalify": "^2.0.0"
      },
      "devDependencies": {
        "coveralls": "^3.0.0",
        "klaw": "^2.1.1",
        "klaw-sync": "^3.0.2",
        "minimist": "^1.1.1",
        "mocha": "^5.0.5",
        "nyc": "^15.0.0",
        "proxyquire": "^2.0.1",
        "read-dir-files": "^0.1.1",
        "standard": "^14.1.0"
      },
      "engines": {
        "node": ">=10"
      }
    },
    "../fs-extra@9.1.0/node_modules/at-least-node": {
      "resolved": "../at-least-node@1.0.0",
      "link": true
    },
    "../fs-extra@9.1.0/node_modules/graceful-fs": {
      "resolved": "../graceful-fs@4.2.11",
      "link": true
    },
    "../fs-extra@9.1.0/node_modules/jsonfile": {
      "resolved": "../jsonfile@6.2.0",
      "link": true
    },
    "../fs-extra@9.1.0/node_modules/universalify": {
      "resolved": "../universalify@2.0.1",
      "link": true
    },
    "../generate-function@2.3.1": {
      "name": "generate-function",
      "version": "2.3.1",
      "license": "MIT",
      "dependencies": {
        "is-property": "^1.0.2"
      },
      "devDependencies": {
        "tape": "^4.9.1"
      }
    },
    "../generate-function@2.3.1/node_modules/is-property": {
      "resolved": "../is-property@1.0.2",
      "link": true
    },
    "../graceful-fs@4.2.11": {
      "name": "graceful-fs",
      "version": "4.2.11",
      "license": "ISC",
      "devDependencies": {
        "import-fresh": "^2.0.0",
        "mkdirp": "^0.5.0",
        "rimraf": "^2.2.8",
        "tap": "^16.3.4"
      }
    },
    "../http-errors@1.8.1": {
      "name": "http-errors",
      "version": "1.8.1",
      "license": "MIT",
      "dependencies": {
        "depd": "~1.1.2",
        "inherits": "2.0.4",
        "setprototypeof": "1.2.0",
        "statuses": ">= 1.5.0 < 2",
        "toidentifier": "1.0.1"
      },
      "devDependencies": {
        "eslint": "7.32.0",
        "eslint-config-standard": "14.1.1",
        "eslint-plugin-import": "2.25.3",
        "eslint-plugin-markdown": "2.2.1",
        "eslint-plugin-node": "11.1.0",
        "eslint-plugin-promise": "5.1.1",
        "eslint-plugin-standard": "4.1.0",
        "mocha": "9.1.3",
        "nyc": "15.1.0"
      },
      "engines": {
        "node": ">= 0.6"
      }
    },
    "../http-errors@1.8.1/node_modules/depd": {
      "resolved": "../depd@1.1.2",
      "link": true
    },
    "../http-errors@1.8.1/node_modules/inherits": {
      "resolved": "../inherits@2.0.4",
      "link": true
    },
    "../http-errors@1.8.1/node_modules/setprototypeof": {
      "resolved": "../setprototypeof@1.2.0",
      "link": true
    },
    "../http-errors@1.8.1/node_modules/statuses": {
      "resolved": "../statuses@1.5.0",
      "link": true
    },
    "../http-errors@1.8.1/node_modules/toidentifier": {
      "resolved": "../toidentifier@1.0.1",
      "link": true
    },
    "../http-errors@2.0.0": {
      "name": "http-errors",
      "version": "2.0.0",
      "license": "MIT",
      "dependencies": {
        "depd": "2.0.0",
        "inherits": "2.0.4",
        "setprototypeof": "1.2.0",
        "statuses": "2.0.1",
        "toidentifier": "1.0.1"
      },
      "devDependencies": {
        "eslint": "7.32.0",
        "eslint-config-standard": "14.1.1",
        "eslint-plugin-import": "2.25.3",
        "eslint-plugin-markdown": "2.2.1",
        "eslint-plugin-node": "11.1.0",
        "eslint-plugin-promise": "5.2.0",
        "eslint-plugin-standard": "4.1.0",
        "mocha": "9.1.3",
        "nyc": "15.1.0"
      },
      "engines": {
        "node": ">= 0.8"
      }
    },
    "../http-errors@2.0.0/node_modules/depd": {
      "resolved": "../depd@2.0.0",
      "link": true
    },
    "../http-errors@2.0.0/node_modules/inherits": {
      "resolved": "../inherits@2.0.4",
      "link": true
    },
    "../http-errors@2.0.0/node_modules/setprototypeof": {
      "resolved": "../setprototypeof@1.2.0",
      "link": true
    },
    "../http-errors@2.0.0/node_modules/statuses": {
      "resolved": "../statuses@2.0.1",
      "link": true
    },
    "../http-errors@2.0.0/node_modules/toidentifier": {
      "resolved": "../toidentifier@1.0.1",
      "link": true
    },
    "../iconv-lite@0.6.3": {
      "name": "iconv-lite",
      "version": "0.6.3",
      "license": "MIT",
      "dependencies": {
        "safer-buffer": ">= 2.1.2 < 3.0.0"
      },
      "devDependencies": {
        "async": "^3.2.0",
        "c8": "^7.2.0",
        "errto": "^0.2.1",
        "iconv": "^2.3.5",
        "mocha": "^3.5.3",
        "request": "^2.88.2",
        "semver": "^6.3.0",
        "unorm": "^1.6.0"
      },
      "engines": {
        "node": ">=0.10.0"
      }
    },
    "../iconv-lite@0.6.3/node_modules/safer-buffer": {
      "resolved": "../safer-buffer@2.1.2",
      "link": true
    },
    "../inherits@2.0.4": {
      "name": "inherits",
      "version": "2.0.4",
      "license": "ISC",
      "devDependencies": {
        "tap": "^14.2.4"
      }
    },
    "../is-property@1.0.2": {
      "name": "is-property",
      "version": "1.0.2",
      "license": "MIT",
      "devDependencies": {
        "tape": "~1.0.4"
      }
    },
    "../jsonfile@6.2.0": {
      "name": "jsonfile",
      "version": "6.2.0",
      "license": "MIT",
      "dependencies": {
        "universalify": "^2.0.0"
      },
      "devDependencies": {
        "mocha": "^8.2.0",
        "rimraf": "^2.4.0",
        "standard": "^16.0.1"
      },
      "optionalDependencies": {
        "graceful-fs": "^4.1.6"
      }
    },
    "../jsonfile@6.2.0/node_modules/graceful-fs": {
      "resolved": "../graceful-fs@4.2.11",
      "link": true
    },
    "../jsonfile@6.2.0/node_modules/universalify": {
      "resolved": "../universalify@2.0.1",
      "link": true
    },
    "../lodash@4.17.21": {
      "name": "lodash",
      "version": "4.17.21",
      "license": "MIT"
    },
    "../long@5.3.2": {
      "name": "long",
      "version": "5.3.2",
      "license": "Apache-2.0",
      "devDependencies": {
        "esm2umd": "^0.3.1",
        "prettier": "^3.5.0",
        "typescript": "^5.7.3"
      }
    },
    "../lru-cache@7.18.3": {
      "name": "lru-cache",
      "version": "7.18.3",
      "license": "ISC",
      "devDependencies": {
        "@size-limit/preset-small-lib": "^7.0.8",
        "@types/node": "^17.0.31",
        "@types/tap": "^15.0.6",
        "benchmark": "^2.1.4",
        "c8": "^7.11.2",
        "clock-mock": "^1.0.6",
        "eslint-config-prettier": "^8.5.0",
        "prettier": "^2.6.2",
        "size-limit": "^7.0.8",
        "tap": "^16.3.4",
        "ts-node": "^10.7.0",
        "tslib": "^2.4.0",
        "typedoc": "^0.23.24",
        "typescript": "^4.6.4"
      },
      "engines": {
        "node": ">=12"
      }
    },
    "../lru.min@1.1.2": {
      "name": "lru.min",
      "version": "1.1.2",
      "license": "MIT",
      "devDependencies": {
        "@babel/core": "^7.26.9",
        "@babel/preset-env": "^7.26.9",
        "@biomejs/biome": "^1.9.4",
        "@types/babel__core": "^7.20.5",
        "@types/node": "^22.13.10",
        "esbuild": "^0.25.0",
        "monocart-coverage-reports": "2.12.1",
        "packages-update": "^2.0.0",
        "poku": "^3.0.1",
        "prettier": "^3.5.3",
        "terser": "^5.39.0",
        "tsx": "^4.19.3",
        "typescript": "^5.8.2"
      },
      "engines": {
        "bun": ">=1.0.0",
        "deno": ">=1.30.0",
        "node": ">=8.0.0"
      },
      "funding": {
        "type": "github",
        "url": "https://github.com/sponsors/wellwelwel"
      }
    },
    "../media-typer@0.3.0": {
      "name": "media-typer",
      "version": "0.3.0",
      "license": "MIT",
      "devDependencies": {
        "istanbul": "0.3.2",
        "mocha": "~1.21.4",
        "should": "~4.0.4"
      },
      "engines": {
        "node": ">= 0.6"
      }
    },
    "../media-typer@1.1.0": {
      "name": "media-typer",
      "version": "1.1.0",
      "license": "MIT",
      "devDependencies": {
        "eslint": "5.16.0",
        "eslint-config-standard": "12.0.0",
        "eslint-plugin-import": "2.17.2",
        "eslint-plugin-markdown": "1.0.0",
        "eslint-plugin-node": "8.0.1",
        "eslint-plugin-promise": "4.1.1",
        "eslint-plugin-standard": "4.0.0",
        "mocha": "6.1.4",
        "nyc": "14.0.0"
      },
      "engines": {
        "node": ">= 0.8"
      }
    },
    "../mime-db@1.52.0": {
      "name": "mime-db",
      "version": "1.52.0",
      "license": "MIT",
      "devDependencies": {
        "bluebird": "3.7.2",
        "co": "4.6.0",
        "cogent": "1.0.1",
        "csv-parse": "4.16.3",
        "eslint": "7.32.0",
        "eslint-config-standard": "15.0.1",
        "eslint-plugin-import": "2.25.4",
        "eslint-plugin-markdown": "2.2.1",
        "eslint-plugin-node": "11.1.0",
        "eslint-plugin-promise": "5.1.1",
        "eslint-plugin-standard": "4.1.0",
        "gnode": "0.1.2",
        "media-typer": "1.1.0",
        "mocha": "9.2.1",
        "nyc": "15.1.0",
        "raw-body": "2.5.0",
        "stream-to-array": "2.3.0"
      },
      "engines": {
        "node": ">= 0.6"
      }
    },
    "../mime-db@1.54.0": {
      "name": "mime-db",
      "version": "1.54.0",
      "license": "MIT",
      "devDependencies": {
        "csv-parse": "4.16.3",
        "eslint": "8.32.0",
        "eslint-config-standard": "15.0.1",
        "eslint-plugin-import": "2.27.5",
        "eslint-plugin-markdown": "3.0.0",
        "eslint-plugin-node": "11.1.0",
        "eslint-plugin-promise": "6.1.1",
        "eslint-plugin-standard": "4.1.0",
        "media-typer": "1.1.0",
        "mocha": "10.2.0",
        "nyc": "15.1.0",
        "stream-to-array": "2.3.0",
        "undici": "7.1.0"
      },
      "engines": {
        "node": ">= 0.6"
      }
    },
    "../mime-types@2.1.35": {
      "name": "mime-types",
      "version": "2.1.35",
      "license": "MIT",
      "dependencies": {
        "mime-db": "1.52.0"
      },
      "devDependencies": {
        "eslint": "7.32.0",
        "eslint-config-standard": "14.1.1",
        "eslint-plugin-import": "2.25.4",
        "eslint-plugin-markdown": "2.2.1",
        "eslint-plugin-node": "11.1.0",
        "eslint-plugin-promise": "5.2.0",
        "eslint-plugin-standard": "4.1.0",
        "mocha": "9.2.2",
        "nyc": "15.1.0"
      },
      "engines": {
        "node": ">= 0.6"
      }
    },
    "../mime-types@2.1.35/node_modules/mime-db": {
      "resolved": "../mime-db@1.52.0",
      "link": true
    },
    "../mime-types@3.0.1": {
      "name": "mime-types",
      "version": "3.0.1",
      "license": "MIT",
      "dependencies": {
        "mime-db": "^1.54.0"
      },
      "devDependencies": {
        "eslint": "8.33.0",
        "eslint-config-standard": "14.1.1",
        "eslint-plugin-import": "2.27.5",
        "eslint-plugin-markdown": "3.0.0",
        "eslint-plugin-node": "11.1.0",
        "eslint-plugin-promise": "6.1.1",
        "eslint-plugin-standard": "4.1.0",
        "mocha": "10.2.0",
        "nyc": "15.1.0"
      },
      "engines": {
        "node": ">= 0.6"
      }
    },
    "../mime-types@3.0.1/node_modules/mime-db": {
      "resolved": "../mime-db@1.54.0",
      "link": true
    },
    "../minimist@1.2.8": {
      "name": "minimist",
      "version": "1.2.8",
      "license": "MIT",
      "devDependencies": {
        "@ljharb/eslint-config": "^21.0.1",
        "aud": "^2.0.2",
        "auto-changelog": "^2.4.0",
        "eslint": "=8.8.0",
        "in-publish": "^2.0.1",
        "npmignore": "^0.3.0",
        "nyc": "^10.3.2",
        "safe-publish-latest": "^2.0.0",
        "tape": "^5.6.3"
      },
      "funding": {
        "url": "https://github.com/sponsors/ljharb"
      }
    },
    "../mkdirp@0.5.6": {
      "name": "mkdirp",
      "version": "0.5.6",
      "license": "MIT",
      "dependencies": {
        "minimist": "^1.2.6"
      },
      "bin": {
        "mkdirp": "bin/cmd.js"
      },
      "devDependencies": {
        "tap": "^16.0.1"
      }
    },
    "../mkdirp@0.5.6/node_modules/minimist": {
      "resolved": "../minimist@1.2.8",
      "link": true
    },
    "../multer@2.0.2": {
      "name": "multer",
      "version": "2.0.2",
      "license": "MIT",
      "dependencies": {
        "append-field": "^1.0.0",
        "busboy": "^1.6.0",
        "concat-stream": "^2.0.0",
        "mkdirp": "^0.5.6",
        "object-assign": "^4.1.1",
        "type-is": "^1.6.18",
        "xtend": "^4.0.2"
      },
      "devDependencies": {
        "deep-equal": "^2.0.3",
        "express": "^4.21.2",
        "form-data": "^4.0.2",
        "fs-temp": "^1.2.1",
        "mocha": "^11.5.0",
        "nyc": "^15.1.0",
        "rimraf": "^2.4.1",
        "standard": "^14.3.3",
        "testdata-w3c-json-form": "^1.0.0"
      },
      "engines": {
        "node": ">= 10.16.0"
      }
    },
    "../multer@2.0.2/node_modules/append-field": {
      "resolved": "../append-field@1.0.0",
      "link": true
    },
    "../multer@2.0.2/node_modules/busboy": {
      "resolved": "../busboy@1.6.0",
      "link": true
    },
    "../multer@2.0.2/node_modules/concat-stream": {
      "resolved": "../concat-stream@2.0.0",
      "link": true
    },
    "../multer@2.0.2/node_modules/mkdirp": {
      "resolved": "../mkdirp@0.5.6",
      "link": true
    },
    "../multer@2.0.2/node_modules/object-assign": {
      "resolved": "../object-assign@4.1.1",
      "link": true
    },
    "../multer@2.0.2/node_modules/type-is": {
      "resolved": "../type-is@1.6.18",
      "link": true
    },
    "../multer@2.0.2/node_modules/xtend": {
      "resolved": "../xtend@4.0.2",
      "link": true
    },
    "../multiparty@4.2.3": {
      "name": "multiparty",
      "version": "4.2.3",
      "license": "MIT",
      "dependencies": {
        "http-errors": "~1.8.1",
        "safe-buffer": "5.2.1",
        "uid-safe": "2.1.5"
      },
      "devDependencies": {
        "eslint": "7.32.0",
        "eslint-plugin-markdown": "2.2.1",
        "mkdirp": "0.5.5",
        "mocha": "9.1.4",
        "nyc": "15.1.0",
        "pend": "1.2.0",
        "require-all": "3.0.0",
        "rimraf": "2.6.3",
        "superagent": "3.8.3"
      },
      "engines": {
        "node": ">= 0.10"
      }
    },
    "../multiparty@4.2.3/node_modules/http-errors": {
      "resolved": "../http-errors@1.8.1",
      "link": true
    },
    "../multiparty@4.2.3/node_modules/safe-buffer": {
      "resolved": "../safe-buffer@5.2.1",
      "link": true
    },
    "../multiparty@4.2.3/node_modules/uid-safe": {
      "resolved": "../uid-safe@2.1.5",
      "link": true
    },
    "../mysql2@3.14.1": {
      "name": "mysql2",
      "version": "3.14.1",
      "license": "MIT",
      "dependencies": {
        "aws-ssl-profiles": "^1.1.1",
        "denque": "^2.1.0",
        "generate-function": "^2.3.1",
        "iconv-lite": "^0.6.3",
        "long": "^5.2.1",
        "lru.min": "^1.0.0",
        "named-placeholders": "^1.1.3",
        "seq-queue": "^0.0.5",
        "sqlstring": "^2.3.2"
      },
      "devDependencies": {
        "@eslint/eslintrc": "^3.3.0",
        "@eslint/js": "^9.21.0",
        "@eslint/markdown": "^6.2.2",
        "@types/node": "^22.0.0",
        "@typescript-eslint/eslint-plugin": "^8.26.0",
        "@typescript-eslint/parser": "^8.26.0",
        "assert-diff": "^3.0.2",
        "benchmark": "^2.1.4",
        "c8": "^10.1.1",
        "error-stack-parser": "^2.0.3",
        "eslint-config-prettier": "^10.0.2",
        "eslint-plugin-async-await": "^0.0.0",
        "eslint-plugin-markdown": "^5.1.0",
        "eslint-plugin-prettier": "^5.2.3",
        "globals": "^16.0.0",
        "poku": "^3.0.0",
        "portfinder": "^1.0.28",
        "prettier": "^3.0.0",
        "typescript": "^5.0.2"
      },
      "engines": {
        "node": ">= 8.0"
      }
    },
    "../mysql2@3.14.1/node_modules/aws-ssl-profiles": {
      "resolved": "../aws-ssl-profiles@1.1.2",
      "link": true
    },
    "../mysql2@3.14.1/node_modules/denque": {
      "resolved": "../denque@2.1.0",
      "link": true
    },
    "../mysql2@3.14.1/node_modules/generate-function": {
      "resolved": "../generate-function@2.3.1",
      "link": true
    },
    "../mysql2@3.14.1/node_modules/iconv-lite": {
      "resolved": "../iconv-lite@0.6.3",
      "link": true
    },
    "../mysql2@3.14.1/node_modules/long": {
      "resolved": "../long@5.3.2",
      "link": true
    },
    "../mysql2@3.14.1/node_modules/lru.min": {
      "resolved": "../lru.min@1.1.2",
      "link": true
    },
    "../mysql2@3.14.1/node_modules/named-placeholders": {
      "resolved": "../named-placeholders@1.1.3",
      "link": true
    },
    "../mysql2@3.14.1/node_modules/seq-queue": {
      "resolved": "../seq-queue@0.0.5",
      "link": true
    },
    "../mysql2@3.14.1/node_modules/sqlstring": {
      "resolved": "../sqlstring@2.3.3",
      "link": true
    },
    "../named-placeholders@1.1.3": {
      "name": "named-placeholders",
      "version": "1.1.3",
      "license": "MIT",
      "dependencies": {
        "lru-cache": "^7.14.1"
      },
      "devDependencies": {
        "mocha": "^5.2.0",
        "should": "^13.2.3"
      },
      "engines": {
        "node": ">=12.0.0"
      }
    },
    "../named-placeholders@1.1.3/node_modules/lru-cache": {
      "resolved": "../lru-cache@7.18.3",
      "link": true
    },
    "../nodemailer@7.0.5": {
      "name": "nodemailer",
      "version": "7.0.5",
      "license": "MIT-0",
      "devDependencies": {
        "@aws-sdk/client-sesv2": "3.839.0",
        "bunyan": "1.8.15",
        "c8": "10.1.3",
        "eslint": "8.57.0",
        "eslint-config-nodemailer": "1.2.0",
        "eslint-config-prettier": "9.1.0",
        "libbase64": "1.3.0",
        "libmime": "5.3.7",
        "libqp": "2.1.1",
        "nodemailer-ntlm-auth": "1.0.4",
        "proxy": "1.0.2",
        "proxy-test-server": "1.0.0",
        "smtp-server": "3.14.0"
      },
      "engines": {
        "node": ">=6.0.0"
      }
    },
    "../object-assign@4.1.1": {
      "name": "object-assign",
      "version": "4.1.1",
      "license": "MIT",
      "devDependencies": {
        "ava": "^0.16.0",
        "lodash": "^4.16.4",
        "matcha": "^0.7.0",
        "xo": "^0.16.0"
      },
      "engines": {
        "node": ">=0.10.0"
      }
    },
    "../on-finished@2.4.1": {
      "name": "on-finished",
      "version": "2.4.1",
      "license": "MIT",
      "dependencies": {
        "ee-first": "1.1.1"
      },
      "devDependencies": {
        "eslint": "7.32.0",
        "eslint-config-standard": "14.1.1",
        "eslint-plugin-import": "2.25.4",
        "eslint-plugin-markdown": "2.2.1",
        "eslint-plugin-node": "11.1.0",
        "eslint-plugin-promise": "5.2.0",
        "eslint-plugin-standard": "4.1.0",
        "mocha": "9.2.1",
        "nyc": "15.1.0"
      },
      "engines": {
        "node": ">= 0.8"
      }
    },
    "../on-finished@2.4.1/node_modules/ee-first": {
      "resolved": "../ee-first@1.1.1",
      "link": true
    },
    "../random-bytes@1.0.0": {
      "name": "random-bytes",
      "version": "1.0.0",
      "license": "MIT",
      "devDependencies": {
        "bluebird": "3.1.1",
        "istanbul": "0.4.2",
        "mocha": "2.3.4",
        "proxyquire": "1.2.0"
      },
      "engines": {
        "node": ">= 0.8"
      }
    },
    "../readable-stream@3.6.2": {
      "name": "readable-stream",
      "version": "3.6.2",
      "license": "MIT",
      "dependencies": {
        "inherits": "^2.0.3",
        "string_decoder": "^1.1.1",
        "util-deprecate": "^1.0.1"
      },
      "devDependencies": {
        "@babel/cli": "^7.2.0",
        "@babel/core": "^7.2.0",
        "@babel/polyfill": "^7.0.0",
        "@babel/preset-env": "^7.2.0",
        "airtap": "0.0.9",
        "assert": "^1.4.0",
        "bl": "^2.0.0",
        "deep-strict-equal": "^0.2.0",
        "events.once": "^2.0.2",
        "glob": "^7.1.2",
        "gunzip-maybe": "^1.4.1",
        "hyperquest": "^2.1.3",
        "lolex": "^2.6.0",
        "nyc": "^11.0.0",
        "pump": "^3.0.0",
        "rimraf": "^2.6.2",
        "tap": "^12.0.0",
        "tape": "^4.9.0",
        "tar-fs": "^1.16.2",
        "util-promisify": "^2.1.0"
      },
      "engines": {
        "node": ">= 6"
      }
    },
    "../readable-stream@3.6.2/node_modules/inherits": {
      "resolved": "../inherits@2.0.4",
      "link": true
    },
    "../readable-stream@3.6.2/node_modules/string_decoder": {
      "resolved": "../string_decoder@1.3.0",
      "link": true
    },
    "../readable-stream@3.6.2/node_modules/util-deprecate": {
      "resolved": "../util-deprecate@1.0.2",
      "link": true
    },
    "../safe-buffer@5.2.1": {
      "name": "safe-buffer",
      "version": "5.2.1",
      "funding": [
        {
          "type": "github",
          "url": "https://github.com/sponsors/feross"
        },
        {
          "type": "patreon",
          "url": "https://www.patreon.com/feross"
        },
        {
          "type": "consulting",
          "url": "https://feross.org/support"
        }
      ],
      "license": "MIT",
      "devDependencies": {
        "standard": "*",
        "tape": "^5.0.0"
      }
    },
    "../safer-buffer@2.1.2": {
      "name": "safer-buffer",
      "version": "2.1.2",
      "license": "MIT",
      "devDependencies": {
        "standard": "^11.0.1",
        "tape": "^4.9.0"
      }
    },
    "../seq-queue@0.0.5": {
      "name": "seq-queue",
      "version": "0.0.5",
      "devDependencies": {
        "mocha": ">=0.0.1",
        "should": ">=0.0.1"
      }
    },
    "../setprototypeof@1.2.0": {
      "name": "setprototypeof",
      "version": "1.2.0",
      "license": "ISC",
      "devDependencies": {
        "mocha": "^6.1.4",
        "standard": "^13.0.2"
      }
    },
    "../signal-exit@3.0.7": {
      "name": "signal-exit",
      "version": "3.0.7",
      "license": "ISC",
      "devDependencies": {
        "chai": "^3.5.0",
        "coveralls": "^3.1.1",
        "nyc": "^15.1.0",
        "standard-version": "^9.3.1",
        "tap": "^15.1.1"
      }
    },
    "../sqlstring@2.3.3": {
      "name": "sqlstring",
      "version": "2.3.3",
      "license": "MIT",
      "devDependencies": {
        "beautify-benchmark": "0.2.4",
        "benchmark": "2.1.4",
        "eslint": "7.32.0",
        "eslint-plugin-markdown": "2.2.1",
        "nyc": "15.1.0",
        "urun": "0.0.8",
        "utest": "0.0.8"
      },
      "engines": {
        "node": ">= 0.6"
      }
    },
    "../statuses@1.5.0": {
      "name": "statuses",
      "version": "1.5.0",
      "license": "MIT",
      "devDependencies": {
        "csv-parse": "1.2.4",
        "eslint": "4.19.1",
        "eslint-config-standard": "11.0.0",
        "eslint-plugin-import": "2.9.0",
        "eslint-plugin-markdown": "1.0.0-beta.6",
        "eslint-plugin-node": "6.0.1",
        "eslint-plugin-promise": "3.7.0",
        "eslint-plugin-standard": "3.0.1",
        "istanbul": "0.4.5",
        "mocha": "1.21.5",
        "raw-body": "2.3.2",
        "stream-to-array": "2.3.0"
      },
      "engines": {
        "node": ">= 0.6"
      }
    },
    "../statuses@2.0.1": {
      "name": "statuses",
      "version": "2.0.1",
      "license": "MIT",
      "devDependencies": {
        "csv-parse": "4.14.2",
        "eslint": "7.17.0",
        "eslint-config-standard": "14.1.1",
        "eslint-plugin-import": "2.22.1",
        "eslint-plugin-markdown": "1.0.2",
        "eslint-plugin-node": "11.1.0",
        "eslint-plugin-promise": "4.2.1",
        "eslint-plugin-standard": "4.1.0",
        "mocha": "8.2.1",
        "nyc": "15.1.0",
        "raw-body": "2.4.1",
        "stream-to-array": "2.3.0"
      },
      "engines": {
        "node": ">= 0.8"
      }
    },
    "../streamsearch@1.1.0": {
      "name": "streamsearch",
      "version": "1.1.0",
      "devDependencies": {
        "@mscdex/eslint-config": "^1.1.0",
        "eslint": "^7.32.0"
      },
      "engines": {
        "node": ">=10.0.0"
      }
    },
    "../string_decoder@1.3.0": {
      "name": "string_decoder",
      "version": "1.3.0",
      "license": "MIT",
      "dependencies": {
        "safe-buffer": "~5.2.0"
      },
      "devDependencies": {
        "babel-polyfill": "^6.23.0",
        "core-util-is": "^1.0.2",
        "inherits": "^2.0.3",
        "tap": "~0.4.8"
      }
    },
    "../string_decoder@1.3.0/node_modules/safe-buffer": {
      "resolved": "../safe-buffer@5.2.1",
      "link": true
    },
    "../toidentifier@1.0.1": {
      "name": "toidentifier",
      "version": "1.0.1",
      "license": "MIT",
      "devDependencies": {
        "eslint": "7.32.0",
        "eslint-config-standard": "14.1.1",
        "eslint-plugin-import": "2.25.3",
        "eslint-plugin-markdown": "2.2.1",
        "eslint-plugin-node": "11.1.0",
        "eslint-plugin-promise": "4.3.1",
        "eslint-plugin-standard": "4.1.0",
        "mocha": "9.1.3",
        "nyc": "15.1.0"
      },
      "engines": {
        "node": ">=0.6"
      }
    },
    "../type-is@1.6.18": {
      "name": "type-is",
      "version": "1.6.18",
      "license": "MIT",
      "dependencies": {
        "media-typer": "0.3.0",
        "mime-types": "~2.1.24"
      },
      "devDependencies": {
        "eslint": "5.16.0",
        "eslint-config-standard": "12.0.0",
        "eslint-plugin-import": "2.17.2",
        "eslint-plugin-markdown": "1.0.0",
        "eslint-plugin-node": "8.0.1",
        "eslint-plugin-promise": "4.1.1",
        "eslint-plugin-standard": "4.0.0",
        "mocha": "6.1.4",
        "nyc": "14.0.0"
      },
      "engines": {
        "node": ">= 0.6"
      }
    },
    "../type-is@1.6.18/node_modules/media-typer": {
      "resolved": "../media-typer@0.3.0",
      "link": true
    },
    "../type-is@1.6.18/node_modules/mime-types": {
      "resolved": "../mime-types@2.1.35",
      "link": true
    },
    "../type-is@2.0.1": {
      "name": "type-is",
      "version": "2.0.1",
      "license": "MIT",
      "dependencies": {
        "content-type": "^1.0.5",
        "media-typer": "^1.1.0",
        "mime-types": "^3.0.0"
      },
      "devDependencies": {
        "eslint": "7.32.0",
        "eslint-config-standard": "14.1.1",
        "eslint-plugin-import": "2.25.4",
        "eslint-plugin-markdown": "2.2.1",
        "eslint-plugin-node": "11.1.0",
        "eslint-plugin-promise": "5.2.0",
        "eslint-plugin-standard": "4.1.0",
        "mocha": "9.2.1",
        "nyc": "15.1.0"
      },
      "engines": {
        "node": ">= 0.6"
      }
    },
    "../type-is@2.0.1/node_modules/content-type": {
      "resolved": "../content-type@1.0.5",
      "link": true
    },
    "../type-is@2.0.1/node_modules/media-typer": {
      "resolved": "../media-typer@1.1.0",
      "link": true
    },
    "../type-is@2.0.1/node_modules/mime-types": {
      "resolved": "../mime-types@3.0.1",
      "link": true
    },
    "../typedarray@0.0.6": {
      "name": "typedarray",
      "version": "0.0.6",
      "license": "MIT",
      "devDependencies": {
        "tape": "~2.3.2"
      }
    },
    "../uid-safe@2.1.5": {
      "name": "uid-safe",
      "version": "2.1.5",
      "license": "MIT",
      "dependencies": {
        "random-bytes": "~1.0.0"
      },
      "devDependencies": {
        "bluebird": "3.5.0",
        "eslint": "3.19.0",
        "eslint-config-standard": "10.2.1",
        "eslint-plugin-import": "2.7.0",
        "eslint-plugin-node": "5.1.1",
        "eslint-plugin-promise": "3.5.0",
        "eslint-plugin-standard": "3.0.1",
        "istanbul": "0.4.5",
        "mocha": "2.5.3"
      },
      "engines": {
        "node": ">= 0.8"
      }
    },
    "../uid-safe@2.1.5/node_modules/random-bytes": {
      "resolved": "../random-bytes@1.0.0",
      "link": true
    },
    "../universalify@2.0.1": {
      "name": "universalify",
      "version": "2.0.1",
      "license": "MIT",
      "devDependencies": {
        "colortape": "^0.1.2",
        "coveralls": "^3.0.1",
        "nyc": "^15.0.0",
        "standard": "^14.3.1",
        "tape": "^5.0.1"
      },
      "engines": {
        "node": ">= 10.0.0"
      }
    },
    "../util-deprecate@1.0.2": {
      "name": "util-deprecate",
      "version": "1.0.2",
      "license": "MIT"
    },
    "../validator@13.12.0": {
      "name": "validator",
      "version": "13.12.0",
      "license": "MIT",
      "devDependencies": {
        "@babel/cli": "^7.0.0",
        "@babel/core": "^7.0.0",
        "@babel/preset-env": "^7.0.0",
        "@babel/register": "^7.0.0",
        "babel-eslint": "^10.0.1",
        "babel-plugin-add-module-exports": "^1.0.0",
        "eslint": "^4.19.1",
        "eslint-config-airbnb-base": "^12.1.0",
        "eslint-plugin-import": "^2.11.0",
        "mocha": "^6.2.3",
        "npm-run-all": "^4.1.5",
        "nyc": "^14.1.0",
        "rimraf": "^3.0.0",
        "rollup": "^0.47.0",
        "rollup-plugin-babel": "^4.0.1",
        "timezone-mock": "^1.3.6",
        "uglify-js": "^3.0.19"
      },
      "engines": {
        "node": ">= 0.10"
      }
    },
    "../xtend@4.0.2": {
      "name": "xtend",
      "version": "4.0.2",
      "license": "MIT",
      "devDependencies": {
        "tape": "~1.1.0"
      },
      "engines": {
        "node": ">=0.4"
      }
    },
    "node_modules/express-form-data": {
      "resolved": "../express-form-data@3.0.1",
      "link": true
    },
    "node_modules/express-validator": {
      "resolved": "../express-validator@7.2.1",
      "link": true
    },
    "node_modules/multer": {
      "resolved": "../multer@2.0.2",
      "link": true
    },
    "node_modules/mysql2": {
      "resolved": "../mysql2@3.14.1",
      "link": true
    },
    "node_modules/nodemailer": {
      "resolved": "../nodemailer@7.0.5",
      "link": true
    },
    "node_modules/prettier": {
      "version": "3.6.2",
      "resolved": "https://registry.npmjs.org/prettier/-/prettier-3.6.2.tgz",
      "integrity": "sha512-I7AIg5boAr5R0FFtJ6rCfD+LFsWHp81dolrFD8S79U9tb8Az2nGrJncnMSnys+bpQJfRUzqs9hnA81OAA3hCuQ==",
      "dev": true,
      "license": "MIT",
      "bin": {
        "prettier": "bin/prettier.cjs"
      },
      "engines": {
        "node": ">=14"
      },
      "funding": {
        "url": "https://github.com/prettier/prettier?sponsor=1"
      }
    },
    "node_modules/prettier-plugin-ejs": {
      "version": "1.0.3",
      "resolved": "https://registry.npmjs.org/prettier-plugin-ejs/-/prettier-plugin-ejs-1.0.3.tgz",
      "integrity": "sha512-wTL4U/ou6dHHp1ZTfS67SHVb/dRgVhpIOTgCvkgdqF/Lw6A472W90dxFtsWSXIR7GmLZRgZb2PdArR9ozxX7cg==",
      "dev": true,
      "license": "MIT",
      "peerDependencies": {
        "prettier": "2.x - 3.x"
      }
    }
  }
}
